Microsoft Visual Studio Solution File, Format Version 12.00
# Visual Studio Version 17
VisualStudioVersion = 17.5.2.0
MinimumVisualStudioVersion = 10.0.40219.1
Project("{FAE04EC0-301F-11D3-BF4B-00C04F79EFBC}") = "ProgramManager", "ProgramManager.csproj", "{26699B50-2803-A021-B676-E1F67318A541}"
EndProject
Global
	GlobalSection(SolutionConfigurationPlatforms) = preSolution
		Debug|Any CPU = Debug|Any CPU
		Release|Any CPU = Release|Any CPU
	EndGlobalSection
	GlobalSection(ProjectConfigurationPlatforms) = postSolution
		{26699B50-2803-A021-B676-E1F67318A541}.Debug|Any CPU.ActiveCfg = Debug|Any CPU
		{26699B50-2803-A021-B676-E1F67318A541}.Debug|Any CPU.Build.0 = Debug|Any CPU
		{26699B50-2803-A021-B676-E1F67318A541}.Release|Any CPU.ActiveCfg = Release|Any CPU
		{26699B50-2803-A021-B676-E1F67318A541}.Release|Any CPU.Build.0 = Release|Any CPU
	EndGlobalSection
	GlobalSection(SolutionProperties) = preSolution
		HideSolutionNode = FALSE
	EndGlobalSection
	GlobalSection(ExtensibilityGlobals) = postSolution
		SolutionGuid = {B83D3157-F00B-41BD-83A9-A00C0A7769EE}
	EndGlobalSection
EndGlobal
